
Microsoft Visual Studio Solution File, Format Version 12.00
# Visual Studio Version 17
VisualStudioVersion = 17.14.36212.18
MinimumVisualStudioVersion = 10.0.40219.1
Project("{8BC9CEB8-8B4A-11D0-8D11-00A0C91BC942}") = "FroggerII", "src\FroggerII\FroggerII.vcxproj", "{24B47256-9B93-4C60-A887-13C493280953}"
EndProject
Global
	GlobalSection(SolutionConfigurationPlatforms) = preSolution
		Debug|x64 = Debug|x64
		Debug|x86 = Debug|x86
		Release|x64 = Release|x64
		Release|x86 = Release|x86
	EndGlobalSection
	GlobalSection(ProjectConfigurationPlatforms) = postSolution
		{24B47256-9B93-4C60-A887-13C493280953}.Debug|x64.ActiveCfg = Debug|x64
		{24B47256-9B93-4C60-A887-13C493280953}.Debug|x64.Build.0 = Debug|x64
		{24B47256-9B93-4C60-A887-13C493280953}.Debug|x86.ActiveCfg = Debug|Win32
		{24B47256-9B93-4C60-A887-13C493280953}.Debug|x86.Build.0 = Debug|Win32
		{24B47256-9B93-4C60-A887-13C493280953}.Release|x64.ActiveCfg = Release|x64
		{24B47256-9B93-4C60-A887-13C493280953}.Release|x64.Build.0 = Release|x64
		{24B47256-9B93-4C60-A887-13C493280953}.Release|x86.ActiveCfg = Release|Win32
		{24B47256-9B93-4C60-A887-13C493280953}.Release|x86.Build.0 = Release|Win32
	EndGlobalSection
	GlobalSection(SolutionProperties) = preSolution
		HideSolutionNode = FALSE
	EndGlobalSection
	GlobalSection(ExtensibilityGlobals) = postSolution
		SolutionGuid = {362ADF64-FF36-456A-A239-9FDFE9CC7FEA}
	EndGlobalSection
EndGlobal
